
Microsoft Visual Studio Solution File, Format Version 12.00
# Visual Studio 16
Project("{8BC9CEB8-8B4A-11D0-8D11-00A0C91BC942}") = "ALL_BUILD", "ALL_BUILD.vcxproj", "{AFADA419-4690-3D40-9087-09C5C16A84D0}"
	ProjectSection(ProjectDependencies) = postProject
		{A92D1ED5-D329-3B89-B21D-B78B0B93C831} = {A92D1ED5-D329-3B89-B21D-B78B0B93C831}
		{A26188B4-F308-3C9A-9651-EEEA82EAEA9E} = {A26188B4-F308-3C9A-9651-EEEA82EAEA9E}
	EndProjectSection
EndProject
Project("{8BC9CEB8-8B4A-11D0-8D11-00A0C91BC942}") = "INSTALL", "INSTALL.vcxproj", "{0E5DCAA2-9D1C-36EE-83D2-07E538942894}"
	ProjectSection(ProjectDependencies) = postProject
		{AFADA419-4690-3D40-9087-09C5C16A84D0} = {AFADA419-4690-3D40-9087-09C5C16A84D0}
		{A92D1ED5-D329-3B89-B21D-B78B0B93C831} = {A92D1ED5-D329-3B89-B21D-B78B0B93C831}
	EndProjectSection
EndProject
Project("{8BC9CEB8-8B4A-11D0-8D11-00A0C91BC942}") = "ZERO_CHECK", "ZERO_CHECK.vcxproj", "{A92D1ED5-D329-3B89-B21D-B78B0B93C831}"
	ProjectSection(ProjectDependencies) = postProject
	EndProjectSection
EndProject
Project("{8BC9CEB8-8B4A-11D0-8D11-00A0C91BC942}") = "qt-compression", "qt-compression.vcxproj", "{A26188B4-F308-3C9A-9651-EEEA82EAEA9E}"
	ProjectSection(ProjectDependencies) = postProject
		{A92D1ED5-D329-3B89-B21D-B78B0B93C831} = {A92D1ED5-D329-3B89-B21D-B78B0B93C831}
	EndProjectSection
EndProject
Global
	GlobalSection(SolutionConfigurationPlatforms) = preSolution
		Debug|Win32 = Debug|Win32
		Release|Win32 = Release|Win32
		MinSizeRel|Win32 = MinSizeRel|Win32
		RelWithDebInfo|Win32 = RelWithDebInfo|Win32
	EndGlobalSection
	GlobalSection(ProjectConfigurationPlatforms) = postSolution
		{AFADA419-4690-3D40-9087-09C5C16A84D0}.Debug|Win32.ActiveCfg = Debug|Win32
		{AFADA419-4690-3D40-9087-09C5C16A84D0}.Debug|Win32.Build.0 = Debug|Win32
		{AFADA419-4690-3D40-9087-09C5C16A84D0}.Release|Win32.ActiveCfg = Release|Win32
		{AFADA419-4690-3D40-9087-09C5C16A84D0}.Release|Win32.Build.0 = Release|Win32
		{AFADA419-4690-3D40-9087-09C5C16A84D0}.MinSizeRel|Win32.ActiveCfg = MinSizeRel|Win32
		{AFADA419-4690-3D40-9087-09C5C16A84D0}.MinSizeRel|Win32.Build.0 = MinSizeRel|Win32
		{AFADA419-4690-3D40-9087-09C5C16A84D0}.RelWithDebInfo|Win32.ActiveCfg = RelWithDebInfo|Win32
		{AFADA419-4690-3D40-9087-09C5C16A84D0}.RelWithDebInfo|Win32.Build.0 = RelWithDebInfo|Win32
		{0E5DCAA2-9D1C-36EE-83D2-07E538942894}.Debug|Win32.ActiveCfg = Debug|Win32
		{0E5DCAA2-9D1C-36EE-83D2-07E538942894}.Release|Win32.ActiveCfg = Release|Win32
		{0E5DCAA2-9D1C-36EE-83D2-07E538942894}.MinSizeRel|Win32.ActiveCfg = MinSizeRel|Win32
		{0E5DCAA2-9D1C-36EE-83D2-07E538942894}.RelWithDebInfo|Win32.ActiveCfg = RelWithDebInfo|Win32
		{A92D1ED5-D329-3B89-B21D-B78B0B93C831}.Debug|Win32.ActiveCfg = Debug|Win32
		{A92D1ED5-D329-3B89-B21D-B78B0B93C831}.Debug|Win32.Build.0 = Debug|Win32
		{A92D1ED5-D329-3B89-B21D-B78B0B93C831}.Release|Win32.ActiveCfg = Release|Win32
		{A92D1ED5-D329-3B89-B21D-B78B0B93C831}.Release|Win32.Build.0 = Release|Win32
		{A92D1ED5-D329-3B89-B21D-B78B0B93C831}.MinSizeRel|Win32.ActiveCfg = MinSizeRel|Win32
		{A92D1ED5-D329-3B89-B21D-B78B0B93C831}.MinSizeRel|Win32.Build.0 = MinSizeRel|Win32
		{A92D1ED5-D329-3B89-B21D-B78B0B93C831}.RelWithDebInfo|Win32.ActiveCfg = RelWithDebInfo|Win32
		{A92D1ED5-D329-3B89-B21D-B78B0B93C831}.RelWithDebInfo|Win32.Build.0 = RelWithDebInfo|Win32
		{A26188B4-F308-3C9A-9651-EEEA82EAEA9E}.Debug|Win32.ActiveCfg = Debug|Win32
		{A26188B4-F308-3C9A-9651-EEEA82EAEA9E}.Debug|Win32.Build.0 = Debug|Win32
		{A26188B4-F308-3C9A-9651-EEEA82EAEA9E}.Release|Win32.ActiveCfg = Release|Win32
		{A26188B4-F308-3C9A-9651-EEEA82EAEA9E}.Release|Win32.Build.0 = Release|Win32
		{A26188B4-F308-3C9A-9651-EEEA82EAEA9E}.MinSizeRel|Win32.ActiveCfg = MinSizeRel|Win32
		{A26188B4-F308-3C9A-9651-EEEA82EAEA9E}.MinSizeRel|Win32.Build.0 = MinSizeRel|Win32
		{A26188B4-F308-3C9A-9651-EEEA82EAEA9E}.RelWithDebInfo|Win32.ActiveCfg = RelWithDebInfo|Win32
		{A26188B4-F308-3C9A-9651-EEEA82EAEA9E}.RelWithDebInfo|Win32.Build.0 = RelWithDebInfo|Win32
	EndGlobalSection
	GlobalSection(ExtensibilityGlobals) = postSolution
		SolutionGuid = {D8E6EE8E-E9DD-37D7-A5D3-A73DCE8C097C}
	EndGlobalSection
	GlobalSection(ExtensibilityAddIns) = postSolution
	EndGlobalSection
EndGlobal
