<?xml version="1.0" encoding="utf-8"?>
<Project ToolsVersion="16.0" xmlns="http://schemas.microsoft.com/developer/msbuild/2003">
  <ItemGroup>
    <ClCompile Include="C:\Users\banda\Documents\Работа\qt-compression\build32\qt-compression_autogen\mocs_compilation.cpp">
      <Filter>Source Files</Filter>
    </ClCompile>
    <ClCompile Include="C:\Users\banda\Documents\Работа\qt-compression\src\BinaryData.cpp">
      <Filter>Source Files</Filter>
    </ClCompile>
    <ClCompile Include="C:\Users\banda\Documents\Работа\qt-compression\src\MainWindow.cpp">
      <Filter>Source Files</Filter>
    </ClCompile>
    <ClCompile Include="C:\Users\banda\Documents\Работа\qt-compression\src\main.cpp">
      <Filter>Source Files</Filter>
    </ClCompile>
  </ItemGroup>
  <ItemGroup>
    <ClInclude Include="C:\Users\banda\Documents\Работа\qt-compression\include\BinaryData.h">
      <Filter>Header Files</Filter>
    </ClInclude>
    <ClInclude Include="C:\Users\banda\Documents\Работа\qt-compression\include\MainWindow.h">
      <Filter>Header Files</Filter>
    </ClInclude>
    <ClInclude Include="C:\Users\banda\Documents\Работа\qt-compression\include\resource.h">
      <Filter>Header Files</Filter>
    </ClInclude>
  </ItemGroup>
  <ItemGroup>
    <CustomBuild Include="C:\Users\banda\Documents\Работа\qt-compression\CMakeLists.txt" />
  </ItemGroup>
  <ItemGroup>
    <None Include="C:\Users\banda\Documents\Работа\qt-compression\forms\MainWindow.ui" />
  </ItemGroup>
  <ItemGroup>
    <ResourceCompile Include="C:\Users\banda\Documents\Работа\qt-compression\resources\qt-compression.rc">
      <Filter>Source Files</Filter>
    </ResourceCompile>
  </ItemGroup>
  <ItemGroup>
    <Filter Include="Header Files">
      <UniqueIdentifier>{827F6AF5-0C4B-336A-A53B-B95F4209F387}</UniqueIdentifier>
    </Filter>
    <Filter Include="Source Files">
      <UniqueIdentifier>{643EF275-AD0A-38BB-A7AD-F8D3D7371D01}</UniqueIdentifier>
    </Filter>
  </ItemGroup>
</Project>
